// !$*UTF8*$!
{
	archiveVersion = 1;
	classes = {
	};
	objectVersion = 48;
	objects = {

/* Begin PBXBuildFile section */
		CE893B82204A04F400BC1E21 /* Vifra+Vifrable.swift in Sources */ = {isa = PBXBuildFile; fileRef = CE893B81204A04F400BC1E21 /* Vifra+Vifrable.swift */; };
		CE893B85204A060200BC1E21 /* MultitouchSupport.framework in Frameworks */ = {isa = PBXBuildFile; fileRef = CE893B86204A060200BC1E21 /* MultitouchSupport.framework */; };
		CECE76932054914800BC2585 /* ActuatorTests.swift in Sources */ = {isa = PBXBuildFile; fileRef = CECE76922054914800BC2585 /* ActuatorTests.swift */; };
		CECE76952054914800BC2585 /* Vifra.framework in Frameworks */ = {isa = PBXBuildFile; fileRef = CE893B70204A047500BC1E21 /* Vifra.framework */; };
		CECE76A220553ADD00BC2585 /* Actuator.swift in Sources */ = {isa = PBXBuildFile; fileRef = CECE76A120553ADD00BC2585 /* Actuator.swift */; };
		CECE76A5205AF55D00BC2585 /* VifraTests.swift in Sources */ = {isa = PBXBuildFile; fileRef = CECE76A4205AF55D00BC2585 /* VifraTests.swift */; };
		CECE76A7205B2C6F00BC2585 /* ActuatorMock.swift in Sources */ = {isa = PBXBuildFile; fileRef = CECE76A6205B2C6F00BC2585 /* ActuatorMock.swift */; };
		CECE76AF205C83DE00BC2585 /* main.swift in Sources */ = {isa = PBXBuildFile; fileRef = CECE76AE205C83DE00BC2585 /* main.swift */; };
		CECE76B5205C83F900BC2585 /* Vifra.framework in Frameworks */ = {isa = PBXBuildFile; fileRef = CE893B70204A047500BC1E21 /* Vifra.framework */; };
		CECE76BA205DD57800BC2585 /* LICENSE in Resources */ = {isa = PBXBuildFile; fileRef = CECE76B9205DD57800BC2585 /* LICENSE */; };
		CECE76CC2076968400BC2585 /* Vifra+Vifrable.swift in Sources */ = {isa = PBXBuildFile; fileRef = CECE76CB207694C000BC2585 /* Vifra+Vifrable.swift */; };
		CECE76CF2076A21600BC2585 /* Vifra.swift in Sources */ = {isa = PBXBuildFile; fileRef = CECE76CE2076A21300BC2585 /* Vifra.swift */; };
		CECE76D02076A21700BC2585 /* Vifra.swift in Sources */ = {isa = PBXBuildFile; fileRef = CECE76CE2076A21300BC2585 /* Vifra.swift */; };
/* End PBXBuildFile section */

/* Begin PBXContainerItemProxy section */
		CECE76962054914800BC2585 /* PBXContainerItemProxy */ = {
			isa = PBXContainerItemProxy;
			containerPortal = CE893B67204A047500BC1E21 /* Project object */;
			proxyType = 1;
			remoteGlobalIDString = CE893B6F204A047500BC1E21;
			remoteInfo = Vifra;
		};
		CECE76B3205C83F000BC2585 /* PBXContainerItemProxy */ = {
			isa = PBXContainerItemProxy;
			containerPortal = CE893B67204A047500BC1E21 /* Project object */;
			proxyType = 1;
			remoteGlobalIDString = CE893B6F204A047500BC1E21;
			remoteInfo = Vifra;
		};
/* End PBXContainerItemProxy section */

/* Begin PBXCopyFilesBuildPhase section */
		CECE76AA205C83DD00BC2585 /* CopyFiles */ = {
			isa = PBXCopyFilesBuildPhase;
			buildActionMask = 2147483647;
			dstPath = /usr/share/man/man1/;
			dstSubfolderSpec = 0;
			files = (
			);
			runOnlyForDeploymentPostprocessing = 1;
		};
/* End PBXCopyFilesBuildPhase section */

/* Begin PBXFileReference section */
		CE893B70204A047500BC1E21 /* Vifra.framework */ = {isa = PBXFileReference; explicitFileType = wrapper.framework; includeInIndex = 0; path = Vifra.framework; sourceTree = BUILT_PRODUCTS_DIR; };
		CE893B74204A047500BC1E21 /* Info.plist */ = {isa = PBXFileReference; lastKnownFileType = text.plist.xml; path = Info.plist; sourceTree = "<group>"; };
		CE893B81204A04F400BC1E21 /* Vifra+Vifrable.swift */ = {isa = PBXFileReference; lastKnownFileType = sourcecode.swift; path = "Vifra+Vifrable.swift"; sourceTree = "<group>"; };
		CE893B83204A054600BC1E21 /* Vifra-Bridging-Header.h */ = {isa = PBXFileReference; lastKnownFileType = sourcecode.c.h; path = "Vifra-Bridging-Header.h"; sourceTree = "<group>"; };
		CE893B86204A060200BC1E21 /* MultitouchSupport.framework */ = {isa = PBXFileReference; lastKnownFileType = wrapper.framework; name = MultitouchSupport.framework; path = /System/Library/PrivateFrameworks/MultitouchSupport.framework; sourceTree = "<absolute>"; };
		CE893B97204A9F6200BC1E21 /* README.md */ = {isa = PBXFileReference; lastKnownFileType = net.daringfireball.markdown; path = README.md; sourceTree = "<group>"; };
		CECE76902054914800BC2585 /* VifraTests.xctest */ = {isa = PBXFileReference; explicitFileType = wrapper.cfbundle; includeInIndex = 0; path = VifraTests.xctest; sourceTree = BUILT_PRODUCTS_DIR; };
		CECE76922054914800BC2585 /* ActuatorTests.swift */ = {isa = PBXFileReference; lastKnownFileType = sourcecode.swift; path = ActuatorTests.swift; sourceTree = "<group>"; };
		CECE76942054914800BC2585 /* Info.plist */ = {isa = PBXFileReference; lastKnownFileType = text.plist.xml; path = Info.plist; sourceTree = "<group>"; };
		CECE76A120553ADD00BC2585 /* Actuator.swift */ = {isa = PBXFileReference; lastKnownFileType = sourcecode.swift; path = Actuator.swift; sourceTree = "<group>"; };
		CECE76A4205AF55D00BC2585 /* VifraTests.swift */ = {isa = PBXFileReference; lastKnownFileType = sourcecode.swift; path = VifraTests.swift; sourceTree = "<group>"; };
		CECE76A6205B2C6F00BC2585 /* ActuatorMock.swift */ = {isa = PBXFileReference; lastKnownFileType = sourcecode.swift; path = ActuatorMock.swift; sourceTree = "<group>"; };
		CECE76AC205C83DD00BC2585 /* VifraExample */ = {isa = PBXFileReference; explicitFileType = "compiled.mach-o.executable"; includeInIndex = 0; path = VifraExample; sourceTree = BUILT_PRODUCTS_DIR; };
		CECE76AE205C83DE00BC2585 /* main.swift */ = {isa = PBXFileReference; lastKnownFileType = sourcecode.swift; path = main.swift; sourceTree = "<group>"; };
		CECE76B8205DCC8800BC2585 /* CHANGELOG.md */ = {isa = PBXFileReference; lastKnownFileType = net.daringfireball.markdown; path = CHANGELOG.md; sourceTree = "<group>"; };
		CECE76B9205DD57800BC2585 /* LICENSE */ = {isa = PBXFileReference; fileEncoding = 4; lastKnownFileType = text; path = LICENSE; sourceTree = "<group>"; };
		CECE76BC2060386000BC2585 /* Package.swift */ = {isa = PBXFileReference; lastKnownFileType = sourcecode.swift; path = Package.swift; sourceTree = "<group>"; };
		CECE76BD2060387F00BC2585 /* Vifra.podspec */ = {isa = PBXFileReference; lastKnownFileType = text; path = Vifra.podspec; sourceTree = "<group>"; };
		CECE76C32076915200BC2585 /* Vifra__watchOS_.framework */ = {isa = PBXFileReference; explicitFileType = wrapper.framework; includeInIndex = 0; path = Vifra__watchOS_.framework; sourceTree = BUILT_PRODUCTS_DIR; };
		CECE76C62076915200BC2585 /* Info.plist */ = {isa = PBXFileReference; lastKnownFileType = text.plist.xml; path = Info.plist; sourceTree = "<group>"; };
		CECE76CB207694C000BC2585 /* Vifra+Vifrable.swift */ = {isa = PBXFileReference; lastKnownFileType = sourcecode.swift; path = "Vifra+Vifrable.swift"; sourceTree = "<group>"; };
		CECE76CE2076A21300BC2585 /* Vifra.swift */ = {isa = PBXFileReference; lastKnownFileType = sourcecode.swift; path = Vifra.swift; sourceTree = "<group>"; };
/* End PBXFileReference section */

/* Begin PBXFrameworksBuildPhase section */
		CE893B6C204A047500BC1E21 /* Frameworks */ = {
			isa = PBXFrameworksBuildPhase;
			buildActionMask = 2147483647;
			files = (
				CE893B85204A060200BC1E21 /* MultitouchSupport.framework in Frameworks */,
			);
			runOnlyForDeploymentPostprocessing = 0;
		};
		CECE768D2054914800BC2585 /* Frameworks */ = {
			isa = PBXFrameworksBuildPhase;
			buildActionMask = 2147483647;
			files = (
				CECE76952054914800BC2585 /* Vifra.framework in Frameworks */,
			);
			runOnlyForDeploymentPostprocessing = 0;
		};
		CECE76A9205C83DD00BC2585 /* Frameworks */ = {
			isa = PBXFrameworksBuildPhase;
			buildActionMask = 2147483647;
			files = (
				CECE76B5205C83F900BC2585 /* Vifra.framework in Frameworks */,
			);
			runOnlyForDeploymentPostprocessing = 0;
		};
		CECE76BF2076915200BC2585 /* Frameworks */ = {
			isa = PBXFrameworksBuildPhase;
			buildActionMask = 2147483647;
			files = (
			);
			runOnlyForDeploymentPostprocessing = 0;
		};
/* End PBXFrameworksBuildPhase section */

/* Begin PBXGroup section */
		CE893B66204A047500BC1E21 = {
			isa = PBXGroup;
			children = (
				CE893B97204A9F6200BC1E21 /* README.md */,
				CECE76B8205DCC8800BC2585 /* CHANGELOG.md */,
				CECE76B9205DD57800BC2585 /* LICENSE */,
				CECE76BC2060386000BC2585 /* Package.swift */,
				CECE76BD2060387F00BC2585 /* Vifra.podspec */,
				CECE76CD2076A0E000BC2585 /* Sources */,
				CECE76D120778A2800BC2585 /* Tests */,
				CECE76D220778A4A00BC2585 /* Examples */,
				CE893B84204A060200BC1E21 /* Frameworks */,
				CE893B71204A047500BC1E21 /* Products */,
			);
			sourceTree = "<group>";
		};
		CE893B71204A047500BC1E21 /* Products */ = {
			isa = PBXGroup;
			children = (
				CE893B70204A047500BC1E21 /* Vifra.framework */,
				CECE76902054914800BC2585 /* VifraTests.xctest */,
				CECE76AC205C83DD00BC2585 /* VifraExample */,
				CECE76C32076915200BC2585 /* Vifra__watchOS_.framework */,
			);
			name = Products;
			sourceTree = "<group>";
		};
		CE893B72204A047500BC1E21 /* macOS */ = {
			isa = PBXGroup;
			children = (
				CE893B81204A04F400BC1E21 /* Vifra+Vifrable.swift */,
				CECE76A120553ADD00BC2585 /* Actuator.swift */,
				CE893B83204A054600BC1E21 /* Vifra-Bridging-Header.h */,
				CE893B74204A047500BC1E21 /* Info.plist */,
			);
			path = macOS;
			sourceTree = "<group>";
		};
		CE893B84204A060200BC1E21 /* Frameworks */ = {
			isa = PBXGroup;
			children = (
				CE893B86204A060200BC1E21 /* MultitouchSupport.framework */,
			);
			name = Frameworks;
			sourceTree = "<group>";
		};
		CECE76912054914800BC2585 /* macOS */ = {
			isa = PBXGroup;
			children = (
				CECE76A4205AF55D00BC2585 /* VifraTests.swift */,
				CECE76922054914800BC2585 /* ActuatorTests.swift */,
				CECE76A6205B2C6F00BC2585 /* ActuatorMock.swift */,
				CECE76942054914800BC2585 /* Info.plist */,
			);
			path = macOS;
			sourceTree = "<group>";
		};
		CECE76AD205C83DE00BC2585 /* macOS */ = {
			isa = PBXGroup;
			children = (
				CECE76AE205C83DE00BC2585 /* main.swift */,
			);
			path = macOS;
			sourceTree = "<group>";
		};
		CECE76C42076915200BC2585 /* watchOS */ = {
			isa = PBXGroup;
			children = (
				CECE76CB207694C000BC2585 /* Vifra+Vifrable.swift */,
				CECE76C62076915200BC2585 /* Info.plist */,
			);
			path = watchOS;
			sourceTree = "<group>";
		};
		CECE76CD2076A0E000BC2585 /* Sources */ = {
			isa = PBXGroup;
			children = (
				CECE76CE2076A21300BC2585 /* Vifra.swift */,
				CE893B72204A047500BC1E21 /* macOS */,
				CECE76C42076915200BC2585 /* watchOS */,
			);
			path = Sources;
			sourceTree = "<group>";
		};
		CECE76D120778A2800BC2585 /* Tests */ = {
			isa = PBXGroup;
			children = (
				CECE76912054914800BC2585 /* macOS */,
			);
			path = Tests;
			sourceTree = "<group>";
		};
		CECE76D220778A4A00BC2585 /* Examples */ = {
			isa = PBXGroup;
			children = (
				CECE76AD205C83DE00BC2585 /* macOS */,
			);
			path = Examples;
			sourceTree = "<group>";
		};
/* End PBXGroup section */

/* Begin PBXHeadersBuildPhase section */
		CE893B6D204A047500BC1E21 /* Headers */ = {
			isa = PBXHeadersBuildPhase;
			buildActionMask = 2147483647;
			files = (
			);
			runOnlyForDeploymentPostprocessing = 0;
		};
		CECE76C02076915200BC2585 /* Headers */ = {
			isa = PBXHeadersBuildPhase;
			buildActionMask = 2147483647;
			files = (
			);
			runOnlyForDeploymentPostprocessing = 0;
		};
/* End PBXHeadersBuildPhase section */

/* Begin PBXNativeTarget section */
		CE893B6F204A047500BC1E21 /* Vifra */ = {
			isa = PBXNativeTarget;
			buildConfigurationList = CE893B78204A047500BC1E21 /* Build configuration list for PBXNativeTarget "Vifra" */;
			buildPhases = (
				CE893BAD2053D65F00BC1E21 /* Run SwiftFormat */,
				CE893BAC204FCF2B00BC1E21 /* Run SwiftLint */,
				CE893B6B204A047500BC1E21 /* Sources */,
				CE893B6C204A047500BC1E21 /* Frameworks */,
				CE893B6D204A047500BC1E21 /* Headers */,
				CE893B6E204A047500BC1E21 /* Resources */,
			);
			buildRules = (
			);
			dependencies = (
			);
			name = Vifra;
			productName = Vifra;
			productReference = CE893B70204A047500BC1E21 /* Vifra.framework */;
			productType = "com.apple.product-type.framework";
		};
		CECE768F2054914800BC2585 /* VifraTests */ = {
			isa = PBXNativeTarget;
			buildConfigurationList = CECE76982054914800BC2585 /* Build configuration list for PBXNativeTarget "VifraTests" */;
			buildPhases = (
				CECE768C2054914800BC2585 /* Sources */,
				CECE768D2054914800BC2585 /* Frameworks */,
				CECE768E2054914800BC2585 /* Resources */,
			);
			buildRules = (
			);
			dependencies = (
				CECE76972054914800BC2585 /* PBXTargetDependency */,
			);
			name = VifraTests;
			productName = VifraTests;
			productReference = CECE76902054914800BC2585 /* VifraTests.xctest */;
			productType = "com.apple.product-type.bundle.unit-test";
		};
		CECE76AB205C83DD00BC2585 /* VifraExample */ = {
			isa = PBXNativeTarget;
			buildConfigurationList = CECE76B0205C83DE00BC2585 /* Build configuration list for PBXNativeTarget "VifraExample" */;
			buildPhases = (
				CECE76A8205C83DD00BC2585 /* Sources */,
				CECE76A9205C83DD00BC2585 /* Frameworks */,
				CECE76AA205C83DD00BC2585 /* CopyFiles */,
			);
			buildRules = (
			);
			dependencies = (
				CECE76B4205C83F000BC2585 /* PBXTargetDependency */,
			);
			name = VifraExample;
			productName = VifraExample;
			productReference = CECE76AC205C83DD00BC2585 /* VifraExample */;
			productType = "com.apple.product-type.tool";
		};
		CECE76C22076915200BC2585 /* Vifra (watchOS) */ = {
			isa = PBXNativeTarget;
			buildConfigurationList = CECE76C82076915300BC2585 /* Build configuration list for PBXNativeTarget "Vifra (watchOS)" */;
			buildPhases = (
				CECE76BE2076915200BC2585 /* Sources */,
				CECE76BF2076915200BC2585 /* Frameworks */,
				CECE76C02076915200BC2585 /* Headers */,
				CECE76C12076915200BC2585 /* Resources */,
			);
			buildRules = (
			);
			dependencies = (
			);
			name = "Vifra (watchOS)";
			productName = "Vifra (watchOS)";
			productReference = CECE76C32076915200BC2585 /* Vifra__watchOS_.framework */;
			productType = "com.apple.product-type.framework";
		};
/* End PBXNativeTarget section */

/* Begin PBXProject section */
		CE893B67204A047500BC1E21 /* Project object */ = {
			isa = PBXProject;
			attributes = {
				LastSwiftUpdateCheck = 0920;
				LastUpgradeCheck = 0920;
				ORGANIZATIONNAME = ungeord.net;
				TargetAttributes = {
					CE893B6F204A047500BC1E21 = {
						CreatedOnToolsVersion = 9.2;
						LastSwiftMigration = 0920;
						ProvisioningStyle = Automatic;
					};
					CECE768F2054914800BC2585 = {
						CreatedOnToolsVersion = 9.2;
						LastSwiftMigration = 0920;
						ProvisioningStyle = Automatic;
					};
					CECE76AB205C83DD00BC2585 = {
						CreatedOnToolsVersion = 9.2;
						ProvisioningStyle = Automatic;
					};
					CECE76C22076915200BC2585 = {
						CreatedOnToolsVersion = 9.2;
						ProvisioningStyle = Automatic;
					};
				};
			};
			buildConfigurationList = CE893B6A204A047500BC1E21 /* Build configuration list for PBXProject "Vifra" */;
			compatibilityVersion = "Xcode 8.0";
			developmentRegion = en;
			hasScannedForEncodings = 0;
			knownRegions = (
				en,
			);
			mainGroup = CE893B66204A047500BC1E21;
			productRefGroup = CE893B71204A047500BC1E21 /* Products */;
			projectDirPath = "";
			projectRoot = "";
			targets = (
				CE893B6F204A047500BC1E21 /* Vifra */,
				CECE768F2054914800BC2585 /* VifraTests */,
				CECE76AB205C83DD00BC2585 /* VifraExample */,
				CECE76C22076915200BC2585 /* Vifra (watchOS) */,
			);
		};
/* End PBXProject section */

/* Begin PBXResourcesBuildPhase section */
		CE893B6E204A047500BC1E21 /* Resources */ = {
			isa = PBXResourcesBuildPhase;
			buildActionMask = 2147483647;
			files = (
				CECE76BA205DD57800BC2585 /* LICENSE in Resources */,
			);
			runOnlyForDeploymentPostprocessing = 0;
		};
		CECE768E2054914800BC2585 /* Resources */ = {
			isa = PBXResourcesBuildPhase;
			buildActionMask = 2147483647;
			files = (
			);
			runOnlyForDeploymentPostprocessing = 0;
		};
		CECE76C12076915200BC2585 /* Resources */ = {
			isa = PBXResourcesBuildPhase;
			buildActionMask = 2147483647;
			files = (
			);
			runOnlyForDeploymentPostprocessing = 0;
		};
/* End PBXResourcesBuildPhase section */

/* Begin PBXShellScriptBuildPhase section */
		CE893BAC204FCF2B00BC1E21 /* Run SwiftLint */ = {
			isa = PBXShellScriptBuildPhase;
			buildActionMask = 2147483647;
			files = (
			);
			inputPaths = (
			);
			name = "Run SwiftLint";
			outputPaths = (
			);
			runOnlyForDeploymentPostprocessing = 0;
			shellPath = /bin/sh;
			shellScript = "if which swiftlint >/dev/null; then\nswiftlint --strict\nelse\necho \"warning: SwiftLint not installed, download from https://github.com/realm/SwiftLint\"\nfi";
			showEnvVarsInLog = 0;
		};
		CE893BAD2053D65F00BC1E21 /* Run SwiftFormat */ = {
			isa = PBXShellScriptBuildPhase;
			buildActionMask = 2147483647;
			files = (
			);
			inputPaths = (
			);
			name = "Run SwiftFormat";
			outputPaths = (
			);
			runOnlyForDeploymentPostprocessing = 0;
			shellPath = /bin/sh;
			shellScript = "if which swiftformat >/dev/null; then\nswiftformat . --trimwhitespace nonblank-lines --commas inline --enable trailingClosures\nelse\necho \"warning: SwiftFormat not installed, download from https://github.com/nicklockwood/SwiftFormat\"\nfi";
		};
/* End PBXShellScriptBuildPhase section */

/* Begin PBXSourcesBuildPhase section */
		CE893B6B204A047500BC1E21 /* Sources */ = {
			isa = PBXSourcesBuildPhase;
			buildActionMask = 2147483647;
			files = (
				CECE76A220553ADD00BC2585 /* Actuator.swift in Sources */,
				CECE76CF2076A21600BC2585 /* Vifra.swift in Sources */,
				CE893B82204A04F400BC1E21 /* Vifra+Vifrable.swift in Sources */,
			);
			runOnlyForDeploymentPostprocessing = 0;
		};
		CECE768C2054914800BC2585 /* Sources */ = {
			isa = PBXSourcesBuildPhase;
			buildActionMask = 2147483647;
			files = (
				CECE76A7205B2C6F00BC2585 /* ActuatorMock.swift in Sources */,
				CECE76A5205AF55D00BC2585 /* VifraTests.swift in Sources */,
				CECE76932054914800BC2585 /* ActuatorTests.swift in Sources */,
			);
			runOnlyForDeploymentPostprocessing = 0;
		};
		CECE76A8205C83DD00BC2585 /* Sources */ = {
			isa = PBXSourcesBuildPhase;
			buildActionMask = 2147483647;
			files = (
				CECE76AF205C83DE00BC2585 /* main.swift in Sources */,
			);
			runOnlyForDeploymentPostprocessing = 0;
		};
		CECE76BE2076915200BC2585 /* Sources */ = {
			isa = PBXSourcesBuildPhase;
			buildActionMask = 2147483647;
			files = (
				CECE76D02076A21700BC2585 /* Vifra.swift in Sources */,
				CECE76CC2076968400BC2585 /* Vifra+Vifrable.swift in Sources */,
			);
			runOnlyForDeploymentPostprocessing = 0;
		};
/* End PBXSourcesBuildPhase section */

/* Begin PBXTargetDependency section */
		CECE76972054914800BC2585 /* PBXTargetDependency */ = {
			isa = PBXTargetDependency;
			target = CE893B6F204A047500BC1E21 /* Vifra */;
			targetProxy = CECE76962054914800BC2585 /* PBXContainerItemProxy */;
		};
		CECE76B4205C83F000BC2585 /* PBXTargetDependency */ = {
			isa = PBXTargetDependency;
			target = CE893B6F204A047500BC1E21 /* Vifra */;
			targetProxy = CECE76B3205C83F000BC2585 /* PBXContainerItemProxy */;
		};
/* End PBXTargetDependency section */

/* Begin XCBuildConfiguration section */
		CE893B76204A047500BC1E21 /* Debug */ = {
			isa = XCBuildConfiguration;
			buildSettings = {
				ALWAYS_SEARCH_USER_PATHS = NO;
				CLANG_ANALYZER_NONNULL = YES;
				CLANG_ANALYZER_NUMBER_OBJECT_CONVERSION = YES_AGGRESSIVE;
				CLANG_CXX_LANGUAGE_STANDARD = "gnu++14";
				CLANG_CXX_LIBRARY = "libc++";
				CLANG_ENABLE_MODULES = YES;
				CLANG_ENABLE_OBJC_ARC = YES;
				CLANG_WARN_BLOCK_CAPTURE_AUTORELEASING = YES;
				CLANG_WARN_BOOL_CONVERSION = YES;
				CLANG_WARN_COMMA = YES;
				CLANG_WARN_CONSTANT_CONVERSION = YES;
				CLANG_WARN_DIRECT_OBJC_ISA_USAGE = YES_ERROR;
				CLANG_WARN_DOCUMENTATION_COMMENTS = YES;
				CLANG_WARN_EMPTY_BODY = YES;
				CLANG_WARN_ENUM_CONVERSION = YES;
				CLANG_WARN_INFINITE_RECURSION = YES;
				CLANG_WARN_INT_CONVERSION = YES;
				CLANG_WARN_NON_LITERAL_NULL_CONVERSION = YES;
				CLANG_WARN_OBJC_LITERAL_CONVERSION = YES;
				CLANG_WARN_OBJC_ROOT_CLASS = YES_ERROR;
				CLANG_WARN_RANGE_LOOP_ANALYSIS = YES;
				CLANG_WARN_STRICT_PROTOTYPES = YES;
				CLANG_WARN_SUSPICIOUS_MOVE = YES;
				CLANG_WARN_UNGUARDED_AVAILABILITY = YES_AGGRESSIVE;
				CLANG_WARN_UNREACHABLE_CODE = YES;
				CLANG_WARN__DUPLICATE_METHOD_MATCH = YES;
				CODE_SIGN_IDENTITY = "Mac Developer";
				COPY_PHASE_STRIP = NO;
				CURRENT_PROJECT_VERSION = 0.1.0;
				DEBUG_INFORMATION_FORMAT = dwarf;
				ENABLE_STRICT_OBJC_MSGSEND = YES;
				ENABLE_TESTABILITY = YES;
				GCC_C_LANGUAGE_STANDARD = gnu11;
				GCC_DYNAMIC_NO_PIC = NO;
				GCC_NO_COMMON_BLOCKS = YES;
				GCC_OPTIMIZATION_LEVEL = 0;
				GCC_PREPROCESSOR_DEFINITIONS = (
					"DEBUG=1",
					"$(inherited)",
				);
				GCC_TREAT_WARNINGS_AS_ERRORS = YES;
				GCC_WARN_64_TO_32_BIT_CONVERSION = YES;
				GCC_WARN_ABOUT_RETURN_TYPE = YES_ERROR;
				GCC_WARN_UNDECLARED_SELECTOR = YES;
				GCC_WARN_UNINITIALIZED_AUTOS = YES_AGGRESSIVE;
				GCC_WARN_UNUSED_FUNCTION = YES;
				GCC_WARN_UNUSED_VARIABLE = YES;
				MACOSX_DEPLOYMENT_TARGET = 10.13;
				MTL_ENABLE_DEBUG_INFO = YES;
				ONLY_ACTIVE_ARCH = YES;
				SDKROOT = macosx;
				SWIFT_ACTIVE_COMPILATION_CONDITIONS = DEBUG;
				SWIFT_OPTIMIZATION_LEVEL = "-Onone";
				SWIFT_TREAT_WARNINGS_AS_ERRORS = YES;
				VERSIONING_SYSTEM = "apple-generic";
				VERSION_INFO_PREFIX = "";
			};
			name = Debug;
		};
		CE893B77204A047500BC1E21 /* Release */ = {
			isa = XCBuildConfiguration;
			buildSettings = {
				ALWAYS_SEARCH_USER_PATHS = NO;
				CLANG_ANALYZER_NONNULL = YES;
				CLANG_ANALYZER_NUMBER_OBJECT_CONVERSION = YES_AGGRESSIVE;
				CLANG_CXX_LANGUAGE_STANDARD = "gnu++14";
				CLANG_CXX_LIBRARY = "libc++";
				CLANG_ENABLE_MODULES = YES;
				CLANG_ENABLE_OBJC_ARC = YES;
				CLANG_WARN_BLOCK_CAPTURE_AUTORELEASING = YES;
				CLANG_WARN_BOOL_CONVERSION = YES;
				CLANG_WARN_COMMA = YES;
				CLANG_WARN_CONSTANT_CONVERSION = YES;
				CLANG_WARN_DIRECT_OBJC_ISA_USAGE = YES_ERROR;
				CLANG_WARN_DOCUMENTATION_COMMENTS = YES;
				CLANG_WARN_EMPTY_BODY = YES;
				CLANG_WARN_ENUM_CONVERSION = YES;
				CLANG_WARN_INFINITE_RECURSION = YES;
				CLANG_WARN_INT_CONVERSION = YES;
				CLANG_WARN_NON_LITERAL_NULL_CONVERSION = YES;
				CLANG_WARN_OBJC_LITERAL_CONVERSION = YES;
				CLANG_WARN_OBJC_ROOT_CLASS = YES_ERROR;
				CLANG_WARN_RANGE_LOOP_ANALYSIS = YES;
				CLANG_WARN_STRICT_PROTOTYPES = YES;
				CLANG_WARN_SUSPICIOUS_MOVE = YES;
				CLANG_WARN_UNGUARDED_AVAILABILITY = YES_AGGRESSIVE;
				CLANG_WARN_UNREACHABLE_CODE = YES;
				CLANG_WARN__DUPLICATE_METHOD_MATCH = YES;
				CODE_SIGN_IDENTITY = "Mac Developer";
				COPY_PHASE_STRIP = NO;
				CURRENT_PROJECT_VERSION = 0.1.0;
				DEBUG_INFORMATION_FORMAT = "dwarf-with-dsym";
				ENABLE_NS_ASSERTIONS = NO;
				ENABLE_STRICT_OBJC_MSGSEND = YES;
				GCC_C_LANGUAGE_STANDARD = gnu11;
				GCC_NO_COMMON_BLOCKS = YES;
				GCC_TREAT_WARNINGS_AS_ERRORS = YES;
				GCC_WARN_64_TO_32_BIT_CONVERSION = YES;
				GCC_WARN_ABOUT_RETURN_TYPE = YES_ERROR;
				GCC_WARN_UNDECLARED_SELECTOR = YES;
				GCC_WARN_UNINITIALIZED_AUTOS = YES_AGGRESSIVE;
				GCC_WARN_UNUSED_FUNCTION = YES;
				GCC_WARN_UNUSED_VARIABLE = YES;
				MACOSX_DEPLOYMENT_TARGET = 10.13;
				MTL_ENABLE_DEBUG_INFO = NO;
				SDKROOT = macosx;
				SWIFT_OPTIMIZATION_LEVEL = "-Owholemodule";
				SWIFT_TREAT_WARNINGS_AS_ERRORS = YES;
				VERSIONING_SYSTEM = "apple-generic";
				VERSION_INFO_PREFIX = "";
			};
			name = Release;
		};
		CE893B79204A047500BC1E21 /* Debug */ = {
			isa = XCBuildConfiguration;
			buildSettings = {
				CLANG_ENABLE_MODULES = YES;
				CODE_SIGN_IDENTITY = "";
				CODE_SIGN_STYLE = Automatic;
				COMBINE_HIDPI_IMAGES = YES;
				DEFINES_MODULE = YES;
				DEVELOPMENT_TEAM = "";
				DYLIB_COMPATIBILITY_VERSION = 1;
				DYLIB_CURRENT_VERSION = 1;
				DYLIB_INSTALL_NAME_BASE = "@rpath";
				FRAMEWORK_SEARCH_PATHS = (
					"$(inherited)",
					"$(SYSTEM_LIBRARY_DIR)/PrivateFrameworks",
				);
				FRAMEWORK_VERSION = A;
				INFOPLIST_FILE = Vifra/Info.plist;
				INSTALL_PATH = "$(LOCAL_LIBRARY_DIR)/Frameworks";
				LD_RUNPATH_SEARCH_PATHS = "$(inherited) @executable_path/../Frameworks @loader_path/Frameworks";
				PRODUCT_BUNDLE_IDENTIFIER = net.ungeord.Vifra;
				PRODUCT_NAME = "$(TARGET_NAME:c99extidentifier)";
				SKIP_INSTALL = YES;
				SWIFT_OBJC_BRIDGING_HEADER = "Vifra/Vifra-Bridging-Header.h";
				SWIFT_OPTIMIZATION_LEVEL = "-Onone";
				SWIFT_VERSION = 4.0;
			};
			name = Debug;
		};
		CE893B7A204A047500BC1E21 /* Release */ = {
			isa = XCBuildConfiguration;
			buildSettings = {
				CLANG_ENABLE_MODULES = YES;
				CODE_SIGN_IDENTITY = "";
				CODE_SIGN_STYLE = Automatic;
				COMBINE_HIDPI_IMAGES = YES;
				DEFINES_MODULE = YES;
				DEVELOPMENT_TEAM = "";
				DYLIB_COMPATIBILITY_VERSION = 1;
				DYLIB_CURRENT_VERSION = 1;
				DYLIB_INSTALL_NAME_BASE = "@rpath";
				FRAMEWORK_SEARCH_PATHS = (
					"$(inherited)",
					"$(SYSTEM_LIBRARY_DIR)/PrivateFrameworks",
				);
				FRAMEWORK_VERSION = A;
				INFOPLIST_FILE = Vifra/Info.plist;
				INSTALL_PATH = "$(LOCAL_LIBRARY_DIR)/Frameworks";
				LD_RUNPATH_SEARCH_PATHS = "$(inherited) @executable_path/../Frameworks @loader_path/Frameworks";
				PRODUCT_BUNDLE_IDENTIFIER = net.ungeord.Vifra;
				PRODUCT_NAME = "$(TARGET_NAME:c99extidentifier)";
				SKIP_INSTALL = YES;
				SWIFT_OBJC_BRIDGING_HEADER = "Vifra/Vifra-Bridging-Header.h";
				SWIFT_VERSION = 4.0;
			};
			name = Release;
		};
		CECE76992054914800BC2585 /* Debug */ = {
			isa = XCBuildConfiguration;
			buildSettings = {
				CLANG_ENABLE_MODULES = YES;
				CODE_SIGN_IDENTITY = "";
				CODE_SIGN_STYLE = Automatic;
				COMBINE_HIDPI_IMAGES = YES;
				DEVELOPMENT_TEAM = "";
				INFOPLIST_FILE = VifraTests/Info.plist;
				LD_RUNPATH_SEARCH_PATHS = "$(inherited) @executable_path/../Frameworks @loader_path/../Frameworks";
				PRODUCT_BUNDLE_IDENTIFIER = net.ungeord.VifraTests;
				PRODUCT_NAME = "$(TARGET_NAME)";
				PROVISIONING_PROFILE_SPECIFIER = "";
				SWIFT_OPTIMIZATION_LEVEL = "-Onone";
				SWIFT_VERSION = 4.0;
			};
			name = Debug;
		};
		CECE769A2054914800BC2585 /* Release */ = {
			isa = XCBuildConfiguration;
			buildSettings = {
				CLANG_ENABLE_MODULES = YES;
				CODE_SIGN_IDENTITY = "";
				CODE_SIGN_STYLE = Automatic;
				COMBINE_HIDPI_IMAGES = YES;
				DEVELOPMENT_TEAM = "";
				INFOPLIST_FILE = VifraTests/Info.plist;
				LD_RUNPATH_SEARCH_PATHS = "$(inherited) @executable_path/../Frameworks @loader_path/../Frameworks";
				PRODUCT_BUNDLE_IDENTIFIER = net.ungeord.VifraTests;
				PRODUCT_NAME = "$(TARGET_NAME)";
				PROVISIONING_PROFILE_SPECIFIER = "";
				SWIFT_VERSION = 4.0;
			};
			name = Release;
		};
		CECE76B1205C83DE00BC2585 /* Debug */ = {
			isa = XCBuildConfiguration;
			buildSettings = {
				CODE_SIGN_IDENTITY = "";
				CODE_SIGN_STYLE = Automatic;
				DEVELOPMENT_TEAM = "";
				LD_RUNPATH_SEARCH_PATHS = "$(TOOLCHAIN_DIR)/usr/lib/swift/macosx";
				PRODUCT_NAME = "$(TARGET_NAME)";
				PROVISIONING_PROFILE_SPECIFIER = "";
				SWIFT_VERSION = 4.0;
			};
			name = Debug;
		};
		CECE76B2205C83DE00BC2585 /* Release */ = {
			isa = XCBuildConfiguration;
			buildSettings = {
				CODE_SIGN_IDENTITY = "";
				CODE_SIGN_STYLE = Automatic;
				DEVELOPMENT_TEAM = "";
				LD_RUNPATH_SEARCH_PATHS = "$(TOOLCHAIN_DIR)/usr/lib/swift/macosx";
				PRODUCT_NAME = "$(TARGET_NAME)";
				PROVISIONING_PROFILE_SPECIFIER = "";
				SWIFT_VERSION = 4.0;
			};
			name = Release;
		};
		CECE76C92076915300BC2585 /* Debug */ = {
			isa = XCBuildConfiguration;
			buildSettings = {
				APPLICATION_EXTENSION_API_ONLY = YES;
				CODE_SIGN_IDENTITY = "";
				CODE_SIGN_STYLE = Automatic;
				CURRENT_PROJECT_VERSION = 1;
				DEFINES_MODULE = YES;
				DEVELOPMENT_TEAM = 842T2737KX;
				DYLIB_COMPATIBILITY_VERSION = 1;
				DYLIB_CURRENT_VERSION = 1;
				DYLIB_INSTALL_NAME_BASE = "@rpath";
				INFOPLIST_FILE = "Vifra (watchOS)/Info.plist";
				INSTALL_PATH = "$(LOCAL_LIBRARY_DIR)/Frameworks";
				LD_RUNPATH_SEARCH_PATHS = "$(inherited) @executable_path/Frameworks @loader_path/Frameworks";
				PRODUCT_BUNDLE_IDENTIFIER = "net.ungeord.Vifra--watchOS-";
				PRODUCT_NAME = "$(TARGET_NAME:c99extidentifier)";
				SDKROOT = watchos;
				SKIP_INSTALL = YES;
				SWIFT_VERSION = 4.0;
				TARGETED_DEVICE_FAMILY = 4;
				WATCHOS_DEPLOYMENT_TARGET = 4.2;
			};
			name = Debug;
		};
		CECE76CA2076915300BC2585 /* Release */ = {
			isa = XCBuildConfiguration;
			buildSettings = {
				APPLICATION_EXTENSION_API_ONLY = YES;
				CODE_SIGN_IDENTITY = "";
				CODE_SIGN_STYLE = Automatic;
				CURRENT_PROJECT_VERSION = 1;
				DEFINES_MODULE = YES;
				DEVELOPMENT_TEAM = 842T2737KX;
				DYLIB_COMPATIBILITY_VERSION = 1;
				DYLIB_CURRENT_VERSION = 1;
				DYLIB_INSTALL_NAME_BASE = "@rpath";
				INFOPLIST_FILE = "Vifra (watchOS)/Info.plist";
				INSTALL_PATH = "$(LOCAL_LIBRARY_DIR)/Frameworks";
				LD_RUNPATH_SEARCH_PATHS = "$(inherited) @executable_path/Frameworks @loader_path/Frameworks";
				PRODUCT_BUNDLE_IDENTIFIER = "net.ungeord.Vifra--watchOS-";
				PRODUCT_NAME = "$(TARGET_NAME:c99extidentifier)";
				SDKROOT = watchos;
				SKIP_INSTALL = YES;
				SWIFT_VERSION = 4.0;
				TARGETED_DEVICE_FAMILY = 4;
				VALIDATE_PRODUCT = YES;
				WATCHOS_DEPLOYMENT_TARGET = 4.2;
			};
			name = Release;
		};
/* End XCBuildConfiguration section */

/* Begin XCConfigurationList section */
		CE893B6A204A047500BC1E21 /* Build configuration list for PBXProject "Vifra" */ = {
			isa = XCConfigurationList;
			buildConfigurations = (
				CE893B76204A047500BC1E21 /* Debug */,
				CE893B77204A047500BC1E21 /* Release */,
			);
			defaultConfigurationIsVisible = 0;
			defaultConfigurationName = Release;
		};
		CE893B78204A047500BC1E21 /* Build configuration list for PBXNativeTarget "Vifra" */ = {
			isa = XCConfigurationList;
			buildConfigurations = (
				CE893B79204A047500BC1E21 /* Debug */,
				CE893B7A204A047500BC1E21 /* Release */,
			);
			defaultConfigurationIsVisible = 0;
			defaultConfigurationName = Release;
		};
		CECE76982054914800BC2585 /* Build configuration list for PBXNativeTarget "VifraTests" */ = {
			isa = XCConfigurationList;
			buildConfigurations = (
				CECE76992054914800BC2585 /* Debug */,
				CECE769A2054914800BC2585 /* Release */,
			);
			defaultConfigurationIsVisible = 0;
			defaultConfigurationName = Release;
		};
		CECE76B0205C83DE00BC2585 /* Build configuration list for PBXNativeTarget "VifraExample" */ = {
			isa = XCConfigurationList;
			buildConfigurations = (
				CECE76B1205C83DE00BC2585 /* Debug */,
				CECE76B2205C83DE00BC2585 /* Release */,
			);
			defaultConfigurationIsVisible = 0;
			defaultConfigurationName = Release;
		};
		CECE76C82076915300BC2585 /* Build configuration list for PBXNativeTarget "Vifra (watchOS)" */ = {
			isa = XCConfigurationList;
			buildConfigurations = (
				CECE76C92076915300BC2585 /* Debug */,
				CECE76CA2076915300BC2585 /* Release */,
			);
			defaultConfigurationIsVisible = 0;
			defaultConfigurationName = Release;
		};
/* End XCConfigurationList section */
	};
	rootObject = CE893B67204A047500BC1E21 /* Project object */;
}
